GEM
  remote: https://rubygems.org/
  specs:
    ffi (1.17.4-x64-mingw-ucrt)
    gosu (1.4.6)
    minitest (5.27.0)
    rake (13.4.2)

PLATFORMS
  x64-mingw-ucrt

DEPENDENCIES
  ffi (~> 1.17)
  gosu (= 1.4.6)
  minitest (~> 5.25)
  rake (~> 13.0)

RUBY VERSION
   ruby 3.4.10p104

BUNDLED WITH
   2.6.9
